
Microsoft Visual Studio Solution File, Format Version 12.00
# Visual Studio Version 17
VisualStudioVersion = 17.8.34330.188
MinimumVisualStudioVersion = 10.0.40219.1
Project("{9A19103F-16F7-4668-BE54-9A1E7A4F7556}") = "MSCliente.API", "MSCliente.API\MSCliente.API.csproj", "{9D811BC8-3C7A-4B3F-B5C0-735B1531A392}"
EndProject
Project("{9A19103F-16F7-4668-BE54-9A1E7A4F7556}") = "MSCliente.Dominio", "MSCliente.Dominio\MSCliente.Dominio.csproj", "{0CB23B8D-3383-4E0F-821E-CB1E263B7B60}"
EndProject
Project("{9A19103F-16F7-4668-BE54-9A1E7A4F7556}") = "MSCliente.Services", "MSCliente.Services\MSCliente.Services.csproj", "{2D2EFE18-5B38-44A8-8936-2D2B4A9F9220}"
EndProject
Project("{9A19103F-16F7-4668-BE54-9A1E7A4F7556}") = "MSCliente.Data", "MSCliente.Data\MSCliente.Data.csproj", "{C6D0678C-E3CE-4A14-99C4-60E2DFE97A97}"
EndProject
Global
	GlobalSection(SolutionConfigurationPlatforms) = preSolution
		Debug|Any CPU = Debug|Any CPU
		Release|Any CPU = Release|Any CPU
	EndGlobalSection
	GlobalSection(ProjectConfigurationPlatforms) = postSolution
		{9D811BC8-3C7A-4B3F-B5C0-735B1531A392}.Debug|Any CPU.ActiveCfg = Debug|Any CPU
		{9D811BC8-3C7A-4B3F-B5C0-735B1531A392}.Debug|Any CPU.Build.0 = Debug|Any CPU
		{9D811BC8-3C7A-4B3F-B5C0-735B1531A392}.Release|Any CPU.ActiveCfg = Release|Any CPU
		{9D811BC8-3C7A-4B3F-B5C0-735B1531A392}.Release|Any CPU.Build.0 = Release|Any CPU
		{0CB23B8D-3383-4E0F-821E-CB1E263B7B60}.Debug|Any CPU.ActiveCfg = Debug|Any CPU
		{0CB23B8D-3383-4E0F-821E-CB1E263B7B60}.Debug|Any CPU.Build.0 = Debug|Any CPU
		{0CB23B8D-3383-4E0F-821E-CB1E263B7B60}.Release|Any CPU.ActiveCfg = Release|Any CPU
		{0CB23B8D-3383-4E0F-821E-CB1E263B7B60}.Release|Any CPU.Build.0 = Release|Any CPU
		{2D2EFE18-5B38-44A8-8936-2D2B4A9F9220}.Debug|Any CPU.ActiveCfg = Debug|Any CPU
		{2D2EFE18-5B38-44A8-8936-2D2B4A9F9220}.Debug|Any CPU.Build.0 = Debug|Any CPU
		{2D2EFE18-5B38-44A8-8936-2D2B4A9F9220}.Release|Any CPU.ActiveCfg = Release|Any CPU
		{2D2EFE18-5B38-44A8-8936-2D2B4A9F9220}.Release|Any CPU.Build.0 = Release|Any CPU
		{C6D0678C-E3CE-4A14-99C4-60E2DFE97A97}.Debug|Any CPU.ActiveCfg = Debug|Any CPU
		{C6D0678C-E3CE-4A14-99C4-60E2DFE97A97}.Debug|Any CPU.Build.0 = Debug|Any CPU
		{C6D0678C-E3CE-4A14-99C4-60E2DFE97A97}.Release|Any CPU.ActiveCfg = Release|Any CPU
		{C6D0678C-E3CE-4A14-99C4-60E2DFE97A97}.Release|Any CPU.Build.0 = Release|Any CPU
	EndGlobalSection
	GlobalSection(SolutionProperties) = preSolution
		HideSolutionNode = FALSE
	EndGlobalSection
	GlobalSection(ExtensibilityGlobals) = postSolution
		SolutionGuid = {1D9141A4-2479-4B4E-8A8B-537A14D9BA37}
	EndGlobalSection
EndGlobal
